
Microsoft Visual Studio Solution File, Format Version 12.00
# Visual Studio Version 17
VisualStudioVersion = 17.9.34607.119
MinimumVisualStudioVersion = 10.0.40219.1
Project("{FAE04EC0-301F-11D3-BF4B-00C04F79EFBC}") = "FiveInARowConsole", "FiveInARowConsole\FiveInARowConsole.csproj", "{A820100E-83E2-4B9E-A337-03AC61381AE5}"
EndProject
Global
	GlobalSection(SolutionConfigurationPlatforms) = preSolution
		Debug|Any CPU = Debug|Any CPU
		Release|Any CPU = Release|Any CPU
	EndGlobalSection
	GlobalSection(ProjectConfigurationPlatforms) = postSolution
		{A820100E-83E2-4B9E-A337-03AC61381AE5}.Debug|Any CPU.ActiveCfg = Debug|Any CPU
		{A820100E-83E2-4B9E-A337-03AC61381AE5}.Debug|Any CPU.Build.0 = Debug|Any CPU
		{A820100E-83E2-4B9E-A337-03AC61381AE5}.Release|Any CPU.ActiveCfg = Release|Any CPU
		{A820100E-83E2-4B9E-A337-03AC61381AE5}.Release|Any CPU.Build.0 = Release|Any CPU
	EndGlobalSection
	GlobalSection(SolutionProperties) = preSolution
		HideSolutionNode = FALSE
	EndGlobalSection
	GlobalSection(ExtensibilityGlobals) = postSolution
		SolutionGuid = {50A080BE-BE23-40B2-8F4E-14A7AAFFF58C}
	EndGlobalSection
EndGlobal
